
Microsoft Visual Studio Solution File, Format Version 12.00
# Visual Studio Version 17
VisualStudioVersion = 17.14.36429.23 d17.14
MinimumVisualStudioVersion = 10.0.40219.1
Project("{FAE04EC0-301F-11D3-BF4B-00C04F79EFBC}") = "EF1", "EF1\EF1.csproj", "{B88FF13B-597E-4C74-A960-A74F8F9EE619}"
EndProject
Global
	GlobalSection(SolutionConfigurationPlatforms) = preSolution
		Debug|Any CPU = Debug|Any CPU
		Release|Any CPU = Release|Any CPU
	EndGlobalSection
	GlobalSection(ProjectConfigurationPlatforms) = postSolution
		{B88FF13B-597E-4C74-A960-A74F8F9EE619}.Debug|Any CPU.ActiveCfg = Debug|Any CPU
		{B88FF13B-597E-4C74-A960-A74F8F9EE619}.Debug|Any CPU.Build.0 = Debug|Any CPU
		{B88FF13B-597E-4C74-A960-A74F8F9EE619}.Release|Any CPU.ActiveCfg = Release|Any CPU
		{B88FF13B-597E-4C74-A960-A74F8F9EE619}.Release|Any CPU.Build.0 = Release|Any CPU
	EndGlobalSection
	GlobalSection(SolutionProperties) = preSolution
		HideSolutionNode = FALSE
	EndGlobalSection
	GlobalSection(ExtensibilityGlobals) = postSolution
		SolutionGuid = {FA5104C2-0FAA-4E79-9F2F-66B7034107B1}
	EndGlobalSection
EndGlobal
