
Microsoft Visual Studio Solution File, Format Version 12.00
# Visual Studio Version 17
VisualStudioVersion = 17.14.36429.23 d17.14
MinimumVisualStudioVersion = 10.0.40219.1
Project("{FAE04EC0-301F-11D3-BF4B-00C04F79EFBC}") = "D7C#", "D7C#\D7C#.csproj", "{804AEF8C-0765-4199-9CF5-5AC8C710CF37}"
EndProject
Global
	GlobalSection(SolutionConfigurationPlatforms) = preSolution
		Debug|Any CPU = Debug|Any CPU
		Release|Any CPU = Release|Any CPU
	EndGlobalSection
	GlobalSection(ProjectConfigurationPlatforms) = postSolution
		{804AEF8C-0765-4199-9CF5-5AC8C710CF37}.Debug|Any CPU.ActiveCfg = Debug|Any CPU
		{804AEF8C-0765-4199-9CF5-5AC8C710CF37}.Debug|Any CPU.Build.0 = Debug|Any CPU
		{804AEF8C-0765-4199-9CF5-5AC8C710CF37}.Release|Any CPU.ActiveCfg = Release|Any CPU
		{804AEF8C-0765-4199-9CF5-5AC8C710CF37}.Release|Any CPU.Build.0 = Release|Any CPU
	EndGlobalSection
	GlobalSection(SolutionProperties) = preSolution
		HideSolutionNode = FALSE
	EndGlobalSection
	GlobalSection(ExtensibilityGlobals) = postSolution
		SolutionGuid = {D73C23B4-3ADF-413E-A896-8FDE1B05CECF}
	EndGlobalSection
EndGlobal
