
Microsoft Visual Studio Solution File, Format Version 12.00
# Visual Studio Version 17
VisualStudioVersion = 17.14.36429.23 d17.14
MinimumVisualStudioVersion = 10.0.40219.1
Project("{FAE04EC0-301F-11D3-BF4B-00C04F79EFBC}") = "D5,6C#", "D5,6C#\D5,6C#.csproj", "{42844DF7-8400-4ECA-B78B-DBCA5A9E8778}"
EndProject
Global
	GlobalSection(SolutionConfigurationPlatforms) = preSolution
		Debug|Any CPU = Debug|Any CPU
		Release|Any CPU = Release|Any CPU
	EndGlobalSection
	GlobalSection(ProjectConfigurationPlatforms) = postSolution
		{42844DF7-8400-4ECA-B78B-DBCA5A9E8778}.Debug|Any CPU.ActiveCfg = Debug|Any CPU
		{42844DF7-8400-4ECA-B78B-DBCA5A9E8778}.Debug|Any CPU.Build.0 = Debug|Any CPU
		{42844DF7-8400-4ECA-B78B-DBCA5A9E8778}.Release|Any CPU.ActiveCfg = Release|Any CPU
		{42844DF7-8400-4ECA-B78B-DBCA5A9E8778}.Release|Any CPU.Build.0 = Release|Any CPU
	EndGlobalSection
	GlobalSection(SolutionProperties) = preSolution
		HideSolutionNode = FALSE
	EndGlobalSection
	GlobalSection(ExtensibilityGlobals) = postSolution
		SolutionGuid = {D172C160-0107-499F-A7BB-1EE896B3ADC5}
	EndGlobalSection
EndGlobal
